{
  "name": "07 Download Qur qwn Module",
  "lockfileVersion": 3,
  "requires": true,
  "packages": {
    "": {
      "dependencies": {
        "codewithshubham": "^1.0.0"
      }
    },
    "node_modules/codewithshubham": {
      "version": "1.0.0",
      "resolved": "https://registry.npmjs.org/codewithshubham/-/codewithshubham-1.0.0.tgz",
      "integrity": "sha512-q8M8krB9U4fsJrTEllwtR92Vs45sKnWhpKpD1vOlfeOY62icyte64Ok8RB4TTJSzceMeLw025CVGOe+nkU1xVQ=="
    }
  }
}
